// !$*UTF8*$!
{
	archiveVersion = 1;
	classes = {
	};
	objectVersion = 56;
	objects = {

/* Begin PBXBuildFile section */
		1947457C2ABB507500F5403B /* User.swift in Sources */ = {isa = PBXBuildFile; fileRef = 1947457B2ABB507500F5403B /* User.swift */; };
		19E2C64A2ABB4B750001E10F /* AppDelegate.swift in Sources */ = {isa = PBXBuildFile; fileRef = 19E2C6492ABB4B750001E10F /* AppDelegate.swift */; };
		19E2C64C2ABB4B750001E10F /* SceneDelegate.swift in Sources */ = {isa = PBXBuildFile; fileRef = 19E2C64B2ABB4B750001E10F /* SceneDelegate.swift */; };
		19E2C64E2ABB4B750001E10F /* ViewController.swift in Sources */ = {isa = PBXBuildFile; fileRef = 19E2C64D2ABB4B750001E10F /* ViewController.swift */; };
		19E2C6512ABB4B750001E10F /* Main.storyboard in Resources */ = {isa = PBXBuildFile; fileRef = 19E2C64F2ABB4B750001E10F /* Main.storyboard */; };
		19E2C6542ABB4B750001E10F /* RandomUser.xcdatamodeld in Sources */ = {isa = PBXBuildFile; fileRef = 19E2C6522ABB4B750001E10F /* RandomUser.xcdatamodeld */; };
		19E2C6562ABB4B780001E10F /* Assets.xcassets in Resources */ = {isa = PBXBuildFile; fileRef = 19E2C6552ABB4B780001E10F /* Assets.xcassets */; };
		19E2C6592ABB4B780001E10F /* LaunchScreen.storyboard in Resources */ = {isa = PBXBuildFile; fileRef = 19E2C6572ABB4B780001E10F /* LaunchScreen.storyboard */; };
		19E2C6642ABB4B790001E10F /* RandomUserTests.swift in Sources */ = {isa = PBXBuildFile; fileRef = 19E2C6632ABB4B790001E10F /* RandomUserTests.swift */; };
		19E2C66E2ABB4B790001E10F /* RandomUserUITests.swift in Sources */ = {isa = PBXBuildFile; fileRef = 19E2C66D2ABB4B790001E10F /* RandomUserUITests.swift */; };
		19E2C6702ABB4B790001E10F /* RandomUserUITestsLaunchTests.swift in Sources */ = {isa = PBXBuildFile; fileRef = 19E2C66F2ABB4B790001E10F /* RandomUserUITestsLaunchTests.swift */; };
/* End PBXBuildFile section */

/* Begin PBXContainerItemProxy section */
		19E2C6602ABB4B790001E10F /* PBXContainerItemProxy */ = {
			isa = PBXContainerItemProxy;
			containerPortal = 19E2C63E2ABB4B750001E10F /* Project object */;
			proxyType = 1;
			remoteGlobalIDString = 19E2C6452ABB4B750001E10F;
			remoteInfo = RandomUser;
		};
		19E2C66A2ABB4B790001E10F /* PBXContainerItemProxy */ = {
			isa = PBXContainerItemProxy;
			containerPortal = 19E2C63E2ABB4B750001E10F /* Project object */;
			proxyType = 1;
			remoteGlobalIDString = 19E2C6452ABB4B750001E10F;
			remoteInfo = RandomUser;
		};
/* End PBXContainerItemProxy section */

/* Begin PBXFileReference section */
		1947457B2ABB507500F5403B /* User.swift */ = {isa = PBXFileReference; lastKnownFileType = sourcecode.swift; path = User.swift; sourceTree = "<group>"; };
		19E2C6462ABB4B750001E10F /* RandomUser.app */ = {isa = PBXFileReference; explicitFileType = wrapper.application; includeInIndex = 0; path = RandomUser.app; sourceTree = BUILT_PRODUCTS_DIR; };
		19E2C6492ABB4B750001E10F /* AppDelegate.swift */ = {isa = PBXFileReference; lastKnownFileType = sourcecode.swift; path = AppDelegate.swift; sourceTree = "<group>"; };
		19E2C64B2ABB4B750001E10F /* SceneDelegate.swift */ = {isa = PBXFileReference; lastKnownFileType = sourcecode.swift; path = SceneDelegate.swift; sourceTree = "<group>"; };
		19E2C64D2ABB4B750001E10F /* ViewController.swift */ = {isa = PBXFileReference; lastKnownFileType = sourcecode.swift; path = ViewController.swift; sourceTree = "<group>"; };
		19E2C6502ABB4B750001E10F /* Base */ = {isa = PBXFileReference; lastKnownFileType = file.storyboard; name = Base; path = Base.lproj/Main.storyboard; sourceTree = "<group>"; };
		19E2C6532ABB4B750001E10F /* RandomUser.xcdatamodel */ = {isa = PBXFileReference; lastKnownFileType = wrapper.xcdatamodel; path = RandomUser.xcdatamodel; sourceTree = "<group>"; };
		19E2C6552ABB4B780001E10F /* Assets.xcassets */ = {isa = PBXFileReference; lastKnownFileType = folder.assetcatalog; path = Assets.xcassets; sourceTree = "<group>"; };
		19E2C6582ABB4B780001E10F /* Base */ = {isa = PBXFileReference; lastKnownFileType = file.storyboard; name = Base; path = Base.lproj/LaunchScreen.storyboard; sourceTree = "<group>"; };
		19E2C65A2ABB4B780001E10F /* Info.plist */ = {isa = PBXFileReference; lastKnownFileType = text.plist.xml; path = Info.plist; sourceTree = "<group>"; };
		19E2C65F2ABB4B790001E10F /* RandomUserTests.xctest */ = {isa = PBXFileReference; explicitFileType = wrapper.cfbundle; includeInIndex = 0; path = RandomUserTests.xctest; sourceTree = BUILT_PRODUCTS_DIR; };
		19E2C6632ABB4B790001E10F /* RandomUserTests.swift */ = {isa = PBXFileReference; lastKnownFileType = sourcecode.swift; path = RandomUserTests.swift; sourceTree = "<group>"; };
		19E2C6692ABB4B790001E10F /* RandomUserUITests.xctest */ = {isa = PBXFileReference; explicitFileType = wrapper.cfbundle; includeInIndex = 0; path = RandomUserUITests.xctest; sourceTree = BUILT_PRODUCTS_DIR; };
		19E2C66D2ABB4B790001E10F /* RandomUserUITests.swift */ = {isa = PBXFileReference; lastKnownFileType = sourcecode.swift; path = RandomUserUITests.swift; sourceTree = "<group>"; };
		19E2C66F2ABB4B790001E10F /* RandomUserUITestsLaunchTests.swift */ = {isa = PBXFileReference; lastKnownFileType = sourcecode.swift; path = RandomUserUITestsLaunchTests.swift; sourceTree = "<group>"; };
/* End PBXFileReference section */

/* Begin PBXFrameworksBuildPhase section */
		19E2C6432ABB4B750001E10F /* Frameworks */ = {
			isa = PBXFrameworksBuildPhase;
			buildActionMask = 2147483647;
			files = (
			);
			runOnlyForDeploymentPostprocessing = 0;
		};
		19E2C65C2ABB4B790001E10F /* Frameworks */ = {
			isa = PBXFrameworksBuildPhase;
			buildActionMask = 2147483647;
			files = (
			);
			runOnlyForDeploymentPostprocessing = 0;
		};
		19E2C6662ABB4B790001E10F /* Frameworks */ = {
			isa = PBXFrameworksBuildPhase;
			buildActionMask = 2147483647;
			files = (
			);
			runOnlyForDeploymentPostprocessing = 0;
		};
/* End PBXFrameworksBuildPhase section */

/* Begin PBXGroup section */
		19E2C63D2ABB4B750001E10F = {
			isa = PBXGroup;
			children = (
				19E2C6482ABB4B750001E10F /* RandomUser */,
				19E2C6622ABB4B790001E10F /* RandomUserTests */,
				19E2C66C2ABB4B790001E10F /* RandomUserUITests */,
				19E2C6472ABB4B750001E10F /* Products */,
			);
			sourceTree = "<group>";
		};
		19E2C6472ABB4B750001E10F /* Products */ = {
			isa = PBXGroup;
			children = (
				19E2C6462ABB4B750001E10F /* RandomUser.app */,
				19E2C65F2ABB4B790001E10F /* RandomUserTests.xctest */,
				19E2C6692ABB4B790001E10F /* RandomUserUITests.xctest */,
			);
			name = Products;
			sourceTree = "<group>";
		};
		19E2C6482ABB4B750001E10F /* RandomUser */ = {
			isa = PBXGroup;
			children = (
				19E2C6492ABB4B750001E10F /* AppDelegate.swift */,
				19E2C64B2ABB4B750001E10F /* SceneDelegate.swift */,
				19E2C64D2ABB4B750001E10F /* ViewController.swift */,
				1947457B2ABB507500F5403B /* User.swift */,
				19E2C64F2ABB4B750001E10F /* Main.storyboard */,
				19E2C6552ABB4B780001E10F /* Assets.xcassets */,
				19E2C6572ABB4B780001E10F /* LaunchScreen.storyboard */,
				19E2C65A2ABB4B780001E10F /* Info.plist */,
				19E2C6522ABB4B750001E10F /* RandomUser.xcdatamodeld */,
			);
			path = RandomUser;
			sourceTree = "<group>";
		};
		19E2C6622ABB4B790001E10F /* RandomUserTests */ = {
			isa = PBXGroup;
			children = (
				19E2C6632ABB4B790001E10F /* RandomUserTests.swift */,
			);
			path = RandomUserTests;
			sourceTree = "<group>";
		};
		19E2C66C2ABB4B790001E10F /* RandomUserUITests */ = {
			isa = PBXGroup;
			children = (
				19E2C66D2ABB4B790001E10F /* RandomUserUITests.swift */,
				19E2C66F2ABB4B790001E10F /* RandomUserUITestsLaunchTests.swift */,
			);
			path = RandomUserUITests;
			sourceTree = "<group>";
		};
/* End PBXGroup section */

/* Begin PBXNativeTarget section */
		19E2C6452ABB4B750001E10F /* RandomUser */ = {
			isa = PBXNativeTarget;
			buildConfigurationList = 19E2C6732ABB4B790001E10F /* Build configuration list for PBXNativeTarget "RandomUser" */;
			buildPhases = (
				19E2C6422ABB4B750001E10F /* Sources */,
				19E2C6432ABB4B750001E10F /* Frameworks */,
				19E2C6442ABB4B750001E10F /* Resources */,
			);
			buildRules = (
			);
			dependencies = (
			);
			name = RandomUser;
			productName = RandomUser;
			productReference = 19E2C6462ABB4B750001E10F /* RandomUser.app */;
			productType = "com.apple.product-type.application";
		};
		19E2C65E2ABB4B790001E10F /* RandomUserTests */ = {
			isa = PBXNativeTarget;
			buildConfigurationList = 19E2C6762ABB4B790001E10F /* Build configuration list for PBXNativeTarget "RandomUserTests" */;
			buildPhases = (
				19E2C65B2ABB4B790001E10F /* Sources */,
				19E2C65C2ABB4B790001E10F /* Frameworks */,
				19E2C65D2ABB4B790001E10F /* Resources */,
			);
			buildRules = (
			);
			dependencies = (
				19E2C6612ABB4B790001E10F /* PBXTargetDependency */,
			);
			name = RandomUserTests;
			productName = RandomUserTests;
			productReference = 19E2C65F2ABB4B790001E10F /* RandomUserTests.xctest */;
			productType = "com.apple.product-type.bundle.unit-test";
		};
		19E2C6682ABB4B790001E10F /* RandomUserUITests */ = {
			isa = PBXNativeTarget;
			buildConfigurationList = 19E2C6792ABB4B790001E10F /* Build configuration list for PBXNativeTarget "RandomUserUITests" */;
			buildPhases = (
				19E2C6652ABB4B790001E10F /* Sources */,
				19E2C6662ABB4B790001E10F /* Frameworks */,
				19E2C6672ABB4B790001E10F /* Resources */,
			);
			buildRules = (
			);
			dependencies = (
				19E2C66B2ABB4B790001E10F /* PBXTargetDependency */,
			);
			name = RandomUserUITests;
			productName = RandomUserUITests;
			productReference = 19E2C6692ABB4B790001E10F /* RandomUserUITests.xctest */;
			productType = "com.apple.product-type.bundle.ui-testing";
		};
/* End PBXNativeTarget section */

/* Begin PBXProject section */
		19E2C63E2ABB4B750001E10F /* Project object */ = {
			isa = PBXProject;
			attributes = {
				BuildIndependentTargetsInParallel = 1;
				LastSwiftUpdateCheck = 1500;
				LastUpgradeCheck = 1500;
				TargetAttributes = {
					19E2C6452ABB4B750001E10F = {
						CreatedOnToolsVersion = 15.0;
					};
					19E2C65E2ABB4B790001E10F = {
						CreatedOnToolsVersion = 15.0;
						TestTargetID = 19E2C6452ABB4B750001E10F;
					};
					19E2C6682ABB4B790001E10F = {
						CreatedOnToolsVersion = 15.0;
						TestTargetID = 19E2C6452ABB4B750001E10F;
					};
				};
			};
			buildConfigurationList = 19E2C6412ABB4B750001E10F /* Build configuration list for PBXProject "RandomUser" */;
			compatibilityVersion = "Xcode 14.0";
			developmentRegion = en;
			hasScannedForEncodings = 0;
			knownRegions = (
				en,
				Base,
			);
			mainGroup = 19E2C63D2ABB4B750001E10F;
			productRefGroup = 19E2C6472ABB4B750001E10F /* Products */;
			projectDirPath = "";
			projectRoot = "";
			targets = (
				19E2C6452ABB4B750001E10F /* RandomUser */,
				19E2C65E2ABB4B790001E10F /* RandomUserTests */,
				19E2C6682ABB4B790001E10F /* RandomUserUITests */,
			);
		};
/* End PBXProject section */

/* Begin PBXResourcesBuildPhase section */
		19E2C6442ABB4B750001E10F /* Resources */ = {
			isa = PBXResourcesBuildPhase;
			buildActionMask = 2147483647;
			files = (
				19E2C6592ABB4B780001E10F /* LaunchScreen.storyboard in Resources */,
				19E2C6562ABB4B780001E10F /* Assets.xcassets in Resources */,
				19E2C6512ABB4B750001E10F /* Main.storyboard in Resources */,
			);
			runOnlyForDeploymentPostprocessing = 0;
		};
		19E2C65D2ABB4B790001E10F /* Resources */ = {
			isa = PBXResourcesBuildPhase;
			buildActionMask = 2147483647;
			files = (
			);
			runOnlyForDeploymentPostprocessing = 0;
		};
		19E2C6672ABB4B790001E10F /* Resources */ = {
			isa = PBXResourcesBuildPhase;
			buildActionMask = 2147483647;
			files = (
			);
			runOnlyForDeploymentPostprocessing = 0;
		};
/* End PBXResourcesBuildPhase section */

/* Begin PBXSourcesBuildPhase section */
		19E2C6422ABB4B750001E10F /* Sources */ = {
			isa = PBXSourcesBuildPhase;
			buildActionMask = 2147483647;
			files = (
				19E2C64E2ABB4B750001E10F /* ViewController.swift in Sources */,
				19E2C64A2ABB4B750001E10F /* AppDelegate.swift in Sources */,
				19E2C64C2ABB4B750001E10F /* SceneDelegate.swift in Sources */,
				1947457C2ABB507500F5403B /* User.swift in Sources */,
				19E2C6542ABB4B750001E10F /* RandomUser.xcdatamodeld in Sources */,
			);
			runOnlyForDeploymentPostprocessing = 0;
		};
		19E2C65B2ABB4B790001E10F /* Sources */ = {
			isa = PBXSourcesBuildPhase;
			buildActionMask = 2147483647;
			files = (
				19E2C6642ABB4B790001E10F /* RandomUserTests.swift in Sources */,
			);
			runOnlyForDeploymentPostprocessing = 0;
		};
		19E2C6652ABB4B790001E10F /* Sources */ = {
			isa = PBXSourcesBuildPhase;
			buildActionMask = 2147483647;
			files = (
				19E2C6702ABB4B790001E10F /* RandomUserUITestsLaunchTests.swift in Sources */,
				19E2C66E2ABB4B790001E10F /* RandomUserUITests.swift in Sources */,
			);
			runOnlyForDeploymentPostprocessing = 0;
		};
/* End PBXSourcesBuildPhase section */

/* Begin PBXTargetDependency section */
		19E2C6612ABB4B790001E10F /* PBXTargetDependency */ = {
			isa = PBXTargetDependency;
			target = 19E2C6452ABB4B750001E10F /* RandomUser */;
			targetProxy = 19E2C6602ABB4B790001E10F /* PBXContainerItemProxy */;
		};
		19E2C66B2ABB4B790001E10F /* PBXTargetDependency */ = {
			isa = PBXTargetDependency;
			target = 19E2C6452ABB4B750001E10F /* RandomUser */;
			targetProxy = 19E2C66A2ABB4B790001E10F /* PBXContainerItemProxy */;
		};
/* End PBXTargetDependency section */

/* Begin PBXVariantGroup section */
		19E2C64F2ABB4B750001E10F /* Main.storyboard */ = {
			isa = PBXVariantGroup;
			children = (
				19E2C6502ABB4B750001E10F /* Base */,
			);
			name = Main.storyboard;
			sourceTree = "<group>";
		};
		19E2C6572ABB4B780001E10F /* LaunchScreen.storyboard */ = {
			isa = PBXVariantGroup;
			children = (
				19E2C6582ABB4B780001E10F /* Base */,
			);
			name = LaunchScreen.storyboard;
			sourceTree = "<group>";
		};
/* End PBXVariantGroup section */

/* Begin XCBuildConfiguration section */
		19E2C6712ABB4B790001E10F /* Debug */ = {
			isa = XCBuildConfiguration;
			buildSettings = {
				ALWAYS_SEARCH_USER_PATHS = NO;
				ASSETCATALOG_COMPILER_GENERATE_SWIFT_ASSET_SYMBOL_EXTENSIONS = YES;
				CLANG_ANALYZER_NONNULL = YES;
				CLANG_ANALYZER_NUMBER_OBJECT_CONVERSION = YES_AGGRESSIVE;
				CLANG_CXX_LANGUAGE_STANDARD = "gnu++20";
				CLANG_ENABLE_MODULES = YES;
				CLANG_ENABLE_OBJC_ARC = YES;
				CLANG_ENABLE_OBJC_WEAK = YES;
				CLANG_WARN_BLOCK_CAPTURE_AUTORELEASING = YES;
				CLANG_WARN_BOOL_CONVERSION = YES;
				CLANG_WARN_COMMA = YES;
				CLANG_WARN_CONSTANT_CONVERSION = YES;
				CLANG_WARN_DEPRECATED_OBJC_IMPLEMENTATIONS = YES;
				CLANG_WARN_DIRECT_OBJC_ISA_USAGE = YES_ERROR;
				CLANG_WARN_DOCUMENTATION_COMMENTS = YES;
				CLANG_WARN_EMPTY_BODY = YES;
				CLANG_WARN_ENUM_CONVERSION = YES;
				CLANG_WARN_INFINITE_RECURSION = YES;
				CLANG_WARN_INT_CONVERSION = YES;
				CLANG_WARN_NON_LITERAL_NULL_CONVERSION = YES;
				CLANG_WARN_OBJC_IMPLICIT_RETAIN_SELF = YES;
				CLANG_WARN_OBJC_LITERAL_CONVERSION = YES;
				CLANG_WARN_OBJC_ROOT_CLASS = YES_ERROR;
				CLANG_WARN_QUOTED_INCLUDE_IN_FRAMEWORK_HEADER = YES;
				CLANG_WARN_RANGE_LOOP_ANALYSIS = YES;
				CLANG_WARN_STRICT_PROTOTYPES = YES;
				CLANG_WARN_SUSPICIOUS_MOVE = YES;
				CLANG_WARN_UNGUARDED_AVAILABILITY = YES_AGGRESSIVE;
				CLANG_WARN_UNREACHABLE_CODE = YES;
				CLANG_WARN__DUPLICATE_METHOD_MATCH = YES;
				COPY_PHASE_STRIP = NO;
				DEBUG_INFORMATION_FORMAT = dwarf;
				ENABLE_STRICT_OBJC_MSGSEND = YES;
				ENABLE_TESTABILITY = YES;
				ENABLE_USER_SCRIPT_SANDBOXING = YES;
				GCC_C_LANGUAGE_STANDARD = gnu17;
				GCC_DYNAMIC_NO_PIC = NO;
				GCC_NO_COMMON_BLOCKS = YES;
				GCC_OPTIMIZATION_LEVEL = 0;
				GCC_PREPROCESSOR_DEFINITIONS = (
					"DEBUG=1",
					"$(inherited)",
				);
				GCC_WARN_64_TO_32_BIT_CONVERSION = YES;
				GCC_WARN_ABOUT_RETURN_TYPE = YES_ERROR;
				GCC_WARN_UNDECLARED_SELECTOR = YES;
				GCC_WARN_UNINITIALIZED_AUTOS = YES_AGGRESSIVE;
				GCC_WARN_UNUSED_FUNCTION = YES;
				GCC_WARN_UNUSED_VARIABLE = YES;
				IPHONEOS_DEPLOYMENT_TARGET = 17.0;
				LOCALIZATION_PREFERS_STRING_CATALOGS = YES;
				MTL_ENABLE_DEBUG_INFO = INCLUDE_SOURCE;
				MTL_FAST_MATH = YES;
				ONLY_ACTIVE_ARCH = YES;
				SDKROOT = iphoneos;
				SWIFT_ACTIVE_COMPILATION_CONDITIONS = "DEBUG $(inherited)";
				SWIFT_OPTIMIZATION_LEVEL = "-Onone";
			};
			name = Debug;
		};
		19E2C6722ABB4B790001E10F /* Release */ = {
			isa = XCBuildConfiguration;
			buildSettings = {
				ALWAYS_SEARCH_USER_PATHS = NO;
				ASSETCATALOG_COMPILER_GENERATE_SWIFT_ASSET_SYMBOL_EXTENSIONS = YES;
				CLANG_ANALYZER_NONNULL = YES;
				CLANG_ANALYZER_NUMBER_OBJECT_CONVERSION = YES_AGGRESSIVE;
				CLANG_CXX_LANGUAGE_STANDARD = "gnu++20";
				CLANG_ENABLE_MODULES = YES;
				CLANG_ENABLE_OBJC_ARC = YES;
				CLANG_ENABLE_OBJC_WEAK = YES;
				CLANG_WARN_BLOCK_CAPTURE_AUTORELEASING = YES;
				CLANG_WARN_BOOL_CONVERSION = YES;
				CLANG_WARN_COMMA = YES;
				CLANG_WARN_CONSTANT_CONVERSION = YES;
				CLANG_WARN_DEPRECATED_OBJC_IMPLEMENTATIONS = YES;
				CLANG_WARN_DIRECT_OBJC_ISA_USAGE = YES_ERROR;
				CLANG_WARN_DOCUMENTATION_COMMENTS = YES;
				CLANG_WARN_EMPTY_BODY = YES;
				CLANG_WARN_ENUM_CONVERSION = YES;
				CLANG_WARN_INFINITE_RECURSION = YES;
				CLANG_WARN_INT_CONVERSION = YES;
				CLANG_WARN_NON_LITERAL_NULL_CONVERSION = YES;
				CLANG_WARN_OBJC_IMPLICIT_RETAIN_SELF = YES;
				CLANG_WARN_OBJC_LITERAL_CONVERSION = YES;
				CLANG_WARN_OBJC_ROOT_CLASS = YES_ERROR;
				CLANG_WARN_QUOTED_INCLUDE_IN_FRAMEWORK_HEADER = YES;
				CLANG_WARN_RANGE_LOOP_ANALYSIS = YES;
				CLANG_WARN_STRICT_PROTOTYPES = YES;
				CLANG_WARN_SUSPICIOUS_MOVE = YES;
				CLANG_WARN_UNGUARDED_AVAILABILITY = YES_AGGRESSIVE;
				CLANG_WARN_UNREACHABLE_CODE = YES;
				CLANG_WARN__DUPLICATE_METHOD_MATCH = YES;
				COPY_PHASE_STRIP = NO;
				DEBUG_INFORMATION_FORMAT = "dwarf-with-dsym";
				ENABLE_NS_ASSERTIONS = NO;
				ENABLE_STRICT_OBJC_MSGSEND = YES;
				ENABLE_USER_SCRIPT_SANDBOXING = YES;
				GCC_C_LANGUAGE_STANDARD = gnu17;
				GCC_NO_COMMON_BLOCKS = YES;
				GCC_WARN_64_TO_32_BIT_CONVERSION = YES;
				GCC_WARN_ABOUT_RETURN_TYPE = YES_ERROR;
				GCC_WARN_UNDECLARED_SELECTOR = YES;
				GCC_WARN_UNINITIALIZED_AUTOS = YES_AGGRESSIVE;
				GCC_WARN_UNUSED_FUNCTION = YES;
				GCC_WARN_UNUSED_VARIABLE = YES;
				IPHONEOS_DEPLOYMENT_TARGET = 17.0;
				LOCALIZATION_PREFERS_STRING_CATALOGS = YES;
				MTL_ENABLE_DEBUG_INFO = NO;
				MTL_FAST_MATH = YES;
				SDKROOT = iphoneos;
				SWIFT_COMPILATION_MODE = wholemodule;
				VALIDATE_PRODUCT = YES;
			};
			name = Release;
		};
		19E2C6742ABB4B790001E10F /* Debug */ = {
			isa = XCBuildConfiguration;
			buildSettings = {
				ASSETCATALOG_COMPILER_APPICON_NAME = AppIcon;
				ASSETCATALOG_COMPILER_GLOBAL_ACCENT_COLOR_NAME = AccentColor;
				CODE_SIGN_STYLE = Automatic;
				CURRENT_PROJECT_VERSION = 1;
				DEVELOPMENT_TEAM = 392NZUSY8M;
				GENERATE_INFOPLIST_FILE = YES;
				INFOPLIST_FILE = RandomUser/Info.plist;
				INFOPLIST_KEY_UIApplicationSupportsIndirectInputEvents = YES;
				INFOPLIST_KEY_UILaunchStoryboardName = LaunchScreen;
				INFOPLIST_KEY_UIMainStoryboardFile = Main;
				INFOPLIST_KEY_UISupportedInterfaceOrientations_iPad = "UIInterfaceOrientationPortrait UIInterfaceOrientationPortraitUpsideDown UIInterfaceOrientationLandscapeLeft UIInterfaceOrientationLandscapeRight";
				INFOPLIST_KEY_UISupportedInterfaceOrientations_iPhone = "UIInterfaceOrientationPortrait UIInterfaceOrientationLandscapeLeft UIInterfaceOrientationLandscapeRight";
				LD_RUNPATH_SEARCH_PATHS = (
					"$(inherited)",
					"@executable_path/Frameworks",
				);
				MARKETING_VERSION = 1.0;
				PRODUCT_BUNDLE_IDENTIFIER = com.eminemini.RandomUser;
				PRODUCT_NAME = "$(TARGET_NAME)";
				SWIFT_EMIT_LOC_STRINGS = YES;
				SWIFT_VERSION = 5.0;
				TARGETED_DEVICE_FAMILY = "1,2";
			};
			name = Debug;
		};
		19E2C6752ABB4B790001E10F /* Release */ = {
			isa = XCBuildConfiguration;
			buildSettings = {
				ASSETCATALOG_COMPILER_APPICON_NAME = AppIcon;
				ASSETCATALOG_COMPILER_GLOBAL_ACCENT_COLOR_NAME = AccentColor;
				CODE_SIGN_STYLE = Automatic;
				CURRENT_PROJECT_VERSION = 1;
				DEVELOPMENT_TEAM = 392NZUSY8M;
				GENERATE_INFOPLIST_FILE = YES;
				INFOPLIST_FILE = RandomUser/Info.plist;
				INFOPLIST_KEY_UIApplicationSupportsIndirectInputEvents = YES;
				INFOPLIST_KEY_UILaunchStoryboardName = LaunchScreen;
				INFOPLIST_KEY_UIMainStoryboardFile = Main;
				INFOPLIST_KEY_UISupportedInterfaceOrientations_iPad = "UIInterfaceOrientationPortrait UIInterfaceOrientationPortraitUpsideDown UIInterfaceOrientationLandscapeLeft UIInterfaceOrientationLandscapeRight";
				INFOPLIST_KEY_UISupportedInterfaceOrientations_iPhone = "UIInterfaceOrientationPortrait UIInterfaceOrientationLandscapeLeft UIInterfaceOrientationLandscapeRight";
				LD_RUNPATH_SEARCH_PATHS = (
					"$(inherited)",
					"@executable_path/Frameworks",
				);
				MARKETING_VERSION = 1.0;
				PRODUCT_BUNDLE_IDENTIFIER = com.eminemini.RandomUser;
				PRODUCT_NAME = "$(TARGET_NAME)";
				SWIFT_EMIT_LOC_STRINGS = YES;
				SWIFT_VERSION = 5.0;
				TARGETED_DEVICE_FAMILY = "1,2";
			};
			name = Release;
		};
		19E2C6772ABB4B790001E10F /* Debug */ = {
			isa = XCBuildConfiguration;
			buildSettings = {
				ALWAYS_EMBED_SWIFT_STANDARD_LIBRARIES = YES;
				BUNDLE_LOADER = "$(TEST_HOST)";
				CODE_SIGN_STYLE = Automatic;
				CURRENT_PROJECT_VERSION = 1;
				DEVELOPMENT_TEAM = 392NZUSY8M;
				GENERATE_INFOPLIST_FILE = YES;
				IPHONEOS_DEPLOYMENT_TARGET = 17.0;
				MARKETING_VERSION = 1.0;
				PRODUCT_BUNDLE_IDENTIFIER = com.eminemini.RandomUserTests;
				PRODUCT_NAME = "$(TARGET_NAME)";
				SWIFT_EMIT_LOC_STRINGS = NO;
				SWIFT_VERSION = 5.0;
				TARGETED_DEVICE_FAMILY = "1,2";
				TEST_HOST = "$(BUILT_PRODUCTS_DIR)/RandomUser.app/$(BUNDLE_EXECUTABLE_FOLDER_PATH)/RandomUser";
			};
			name = Debug;
		};
		19E2C6782ABB4B790001E10F /* Release */ = {
			isa = XCBuildConfiguration;
			buildSettings = {
				ALWAYS_EMBED_SWIFT_STANDARD_LIBRARIES = YES;
				BUNDLE_LOADER = "$(TEST_HOST)";
				CODE_SIGN_STYLE = Automatic;
				CURRENT_PROJECT_VERSION = 1;
				DEVELOPMENT_TEAM = 392NZUSY8M;
				GENERATE_INFOPLIST_FILE = YES;
				IPHONEOS_DEPLOYMENT_TARGET = 17.0;
				MARKETING_VERSION = 1.0;
				PRODUCT_BUNDLE_IDENTIFIER = com.eminemini.RandomUserTests;
				PRODUCT_NAME = "$(TARGET_NAME)";
				SWIFT_EMIT_LOC_STRINGS = NO;
				SWIFT_VERSION = 5.0;
				TARGETED_DEVICE_FAMILY = "1,2";
				TEST_HOST = "$(BUILT_PRODUCTS_DIR)/RandomUser.app/$(BUNDLE_EXECUTABLE_FOLDER_PATH)/RandomUser";
			};
			name = Release;
		};
		19E2C67A2ABB4B790001E10F /* Debug */ = {
			isa = XCBuildConfiguration;
			buildSettings = {
				ALWAYS_EMBED_SWIFT_STANDARD_LIBRARIES = YES;
				CODE_SIGN_STYLE = Automatic;
				CURRENT_PROJECT_VERSION = 1;
				DEVELOPMENT_TEAM = 392NZUSY8M;
				GENERATE_INFOPLIST_FILE = YES;
				MARKETING_VERSION = 1.0;
				PRODUCT_BUNDLE_IDENTIFIER = com.eminemini.RandomUserUITests;
				PRODUCT_NAME = "$(TARGET_NAME)";
				SWIFT_EMIT_LOC_STRINGS = NO;
				SWIFT_VERSION = 5.0;
				TARGETED_DEVICE_FAMILY = "1,2";
				TEST_TARGET_NAME = RandomUser;
			};
			name = Debug;
		};
		19E2C67B2ABB4B790001E10F /* Release */ = {
			isa = XCBuildConfiguration;
			buildSettings = {
				ALWAYS_EMBED_SWIFT_STANDARD_LIBRARIES = YES;
				CODE_SIGN_STYLE = Automatic;
				CURRENT_PROJECT_VERSION = 1;
				DEVELOPMENT_TEAM = 392NZUSY8M;
				GENERATE_INFOPLIST_FILE = YES;
				MARKETING_VERSION = 1.0;
				PRODUCT_BUNDLE_IDENTIFIER = com.eminemini.RandomUserUITests;
				PRODUCT_NAME = "$(TARGET_NAME)";
				SWIFT_EMIT_LOC_STRINGS = NO;
				SWIFT_VERSION = 5.0;
				TARGETED_DEVICE_FAMILY = "1,2";
				TEST_TARGET_NAME = RandomUser;
			};
			name = Release;
		};
/* End XCBuildConfiguration section */

/* Begin XCConfigurationList section */
		19E2C6412ABB4B750001E10F /* Build configuration list for PBXProject "RandomUser" */ = {
			isa = XCConfigurationList;
			buildConfigurations = (
				19E2C6712ABB4B790001E10F /* Debug */,
				19E2C6722ABB4B790001E10F /* Release */,
			);
			defaultConfigurationIsVisible = 0;
			defaultConfigurationName = Release;
		};
		19E2C6732ABB4B790001E10F /* Build configuration list for PBXNativeTarget "RandomUser" */ = {
			isa = XCConfigurationList;
			buildConfigurations = (
				19E2C6742ABB4B790001E10F /* Debug */,
				19E2C6752ABB4B790001E10F /* Release */,
			);
			defaultConfigurationIsVisible = 0;
			defaultConfigurationName = Release;
		};
		19E2C6762ABB4B790001E10F /* Build configuration list for PBXNativeTarget "RandomUserTests" */ = {
			isa = XCConfigurationList;
			buildConfigurations = (
				19E2C6772ABB4B790001E10F /* Debug */,
				19E2C6782ABB4B790001E10F /* Release */,
			);
			defaultConfigurationIsVisible = 0;
			defaultConfigurationName = Release;
		};
		19E2C6792ABB4B790001E10F /* Build configuration list for PBXNativeTarget "RandomUserUITests" */ = {
			isa = XCConfigurationList;
			buildConfigurations = (
				19E2C67A2ABB4B790001E10F /* Debug */,
				19E2C67B2ABB4B790001E10F /* Release */,
			);
			defaultConfigurationIsVisible = 0;
			defaultConfigurationName = Release;
		};
/* End XCConfigurationList section */

/* Begin XCVersionGroup section */
		19E2C6522ABB4B750001E10F /* RandomUser.xcdatamodeld */ = {
			isa = XCVersionGroup;
			children = (
				19E2C6532ABB4B750001E10F /* RandomUser.xcdatamodel */,
			);
			currentVersion = 19E2C6532ABB4B750001E10F /* RandomUser.xcdatamodel */;
			path = RandomUser.xcdatamodeld;
			sourceTree = "<group>";
			versionGroupType = wrapper.xcdatamodel;
		};
/* End XCVersionGroup section */
	};
	rootObject = 19E2C63E2ABB4B750001E10F /* Project object */;
}
